
Microsoft Visual Studio Solution File, Format Version 12.00
# Visual Studio Version 16
VisualStudioVersion = 16.0.31205.134
MinimumVisualStudioVersion = 10.0.40219.1
Project("{9A19103F-16F7-4668-BE54-9A1E7A4F7556}") = "FacturacionElectronica", "FacturacionElectronica.csproj", "{DDD09B87-783F-470F-BF72-7413E067CD8A}"
EndProject
Project("{9A19103F-16F7-4668-BE54-9A1E7A4F7556}") = "EmailService", "..\EmailService\EmailService.csproj", "{086BE04B-B2BE-4B7F-B389-1DEAAFCEC47A}"
EndProject
Global
	GlobalSection(SolutionConfigurationPlatforms) = preSolution
		Debug|Any CPU = Debug|Any CPU
		Release|Any CPU = Release|Any CPU
	EndGlobalSection
	GlobalSection(ProjectConfigurationPlatforms) = postSolution
		{DDD09B87-783F-470F-BF72-7413E067CD8A}.Debug|Any CPU.ActiveCfg = Debug|Any CPU
		{DDD09B87-783F-470F-BF72-7413E067CD8A}.Debug|Any CPU.Build.0 = Debug|Any CPU
		{DDD09B87-783F-470F-BF72-7413E067CD8A}.Release|Any CPU.ActiveCfg = Release|Any CPU
		{DDD09B87-783F-470F-BF72-7413E067CD8A}.Release|Any CPU.Build.0 = Release|Any CPU
		{086BE04B-B2BE-4B7F-B389-1DEAAFCEC47A}.Debug|Any CPU.ActiveCfg = Debug|Any CPU
		{086BE04B-B2BE-4B7F-B389-1DEAAFCEC47A}.Debug|Any CPU.Build.0 = Debug|Any CPU
		{086BE04B-B2BE-4B7F-B389-1DEAAFCEC47A}.Release|Any CPU.ActiveCfg = Release|Any CPU
		{086BE04B-B2BE-4B7F-B389-1DEAAFCEC47A}.Release|Any CPU.Build.0 = Release|Any CPU
	EndGlobalSection
	GlobalSection(SolutionProperties) = preSolution
		HideSolutionNode = FALSE
	EndGlobalSection
	GlobalSection(ExtensibilityGlobals) = postSolution
		SolutionGuid = {DFF02F7E-8209-46A8-B400-A643865B4656}
	EndGlobalSection
EndGlobal
